
Microsoft Visual Studio Solution File, Format Version 12.00
# Visual Studio Version 17
VisualStudioVersion = 17.7.34202.233
MinimumVisualStudioVersion = 10.0.40219.1
Project("{FAE04EC0-301F-11D3-BF4B-00C04F79EFBC}") = "eduEx", "eduEx\eduEx.csproj", "{0E2C74AC-C81C-4CC6-B88D-81192623A66D}"
EndProject
Project("{2150E333-8FDC-42A3-9474-1A3956D46DE8}") = "Solution Items", "Solution Items", "{27E5499B-3C1D-4586-B4C9-FED6CBDC6CB2}"
	ProjectSection(SolutionItems) = preProject
		LICENSE = LICENSE
		LICENSE.spdx = LICENSE.spdx
	EndProjectSection
EndProject
Project("{FAE04EC0-301F-11D3-BF4B-00C04F79EFBC}") = "eduEx.Tests", "eduEx.Tests\eduEx.Tests.csproj", "{30B8909A-8E1D-4E1F-B78F-2917EA0AF402}"
EndProject
Global
	GlobalSection(SolutionConfigurationPlatforms) = preSolution
		Debug|Any CPU = Debug|Any CPU
		Debug|ARM64 = Debug|ARM64
		Debug|x64 = Debug|x64
		Debug|x86 = Debug|x86
		Release|Any CPU = Release|Any CPU
		Release|ARM64 = Release|ARM64
		Release|x64 = Release|x64
		Release|x86 = Release|x86
	EndGlobalSection
	GlobalSection(ProjectConfigurationPlatforms) = postSolution
		{0E2C74AC-C81C-4CC6-B88D-81192623A66D}.Debug|Any CPU.ActiveCfg = Debug|Any CPU
		{0E2C74AC-C81C-4CC6-B88D-81192623A66D}.Debug|Any CPU.Build.0 = Debug|Any CPU
		{0E2C74AC-C81C-4CC6-B88D-81192623A66D}.Debug|ARM64.ActiveCfg = Debug|ARM64
		{0E2C74AC-C81C-4CC6-B88D-81192623A66D}.Debug|ARM64.Build.0 = Debug|ARM64
		{0E2C74AC-C81C-4CC6-B88D-81192623A66D}.Debug|x64.ActiveCfg = Debug|x64
		{0E2C74AC-C81C-4CC6-B88D-81192623A66D}.Debug|x64.Build.0 = Debug|x64
		{0E2C74AC-C81C-4CC6-B88D-81192623A66D}.Debug|x86.ActiveCfg = Debug|x86
		{0E2C74AC-C81C-4CC6-B88D-81192623A66D}.Debug|x86.Build.0 = Debug|x86
		{0E2C74AC-C81C-4CC6-B88D-81192623A66D}.Release|Any CPU.ActiveCfg = Release|Any CPU
		{0E2C74AC-C81C-4CC6-B88D-81192623A66D}.Release|Any CPU.Build.0 = Release|Any CPU
		{0E2C74AC-C81C-4CC6-B88D-81192623A66D}.Release|ARM64.ActiveCfg = Release|ARM64
		{0E2C74AC-C81C-4CC6-B88D-81192623A66D}.Release|ARM64.Build.0 = Release|ARM64
		{0E2C74AC-C81C-4CC6-B88D-81192623A66D}.Release|x64.ActiveCfg = Release|x64
		{0E2C74AC-C81C-4CC6-B88D-81192623A66D}.Release|x64.Build.0 = Release|x64
		{0E2C74AC-C81C-4CC6-B88D-81192623A66D}.Release|x86.ActiveCfg = Release|x86
		{0E2C74AC-C81C-4CC6-B88D-81192623A66D}.Release|x86.Build.0 = Release|x86
		{30B8909A-8E1D-4E1F-B78F-2917EA0AF402}.Debug|Any CPU.ActiveCfg = Debug|Any CPU
		{30B8909A-8E1D-4E1F-B78F-2917EA0AF402}.Debug|Any CPU.Build.0 = Debug|Any CPU
		{30B8909A-8E1D-4E1F-B78F-2917EA0AF402}.Debug|ARM64.ActiveCfg = Debug|ARM64
		{30B8909A-8E1D-4E1F-B78F-2917EA0AF402}.Debug|ARM64.Build.0 = Debug|ARM64
		{30B8909A-8E1D-4E1F-B78F-2917EA0AF402}.Debug|x64.ActiveCfg = Debug|x64
		{30B8909A-8E1D-4E1F-B78F-2917EA0AF402}.Debug|x64.Build.0 = Debug|x64
		{30B8909A-8E1D-4E1F-B78F-2917EA0AF402}.Debug|x86.ActiveCfg = Debug|x86
		{30B8909A-8E1D-4E1F-B78F-2917EA0AF402}.Debug|x86.Build.0 = Debug|x86
		{30B8909A-8E1D-4E1F-B78F-2917EA0AF402}.Release|Any CPU.ActiveCfg = Release|Any CPU
		{30B8909A-8E1D-4E1F-B78F-2917EA0AF402}.Release|Any CPU.Build.0 = Release|Any CPU
		{30B8909A-8E1D-4E1F-B78F-2917EA0AF402}.Release|ARM64.ActiveCfg = Release|ARM64
		{30B8909A-8E1D-4E1F-B78F-2917EA0AF402}.Release|ARM64.Build.0 = Release|ARM64
		{30B8909A-8E1D-4E1F-B78F-2917EA0AF402}.Release|x64.ActiveCfg = Release|x64
		{30B8909A-8E1D-4E1F-B78F-2917EA0AF402}.Release|x64.Build.0 = Release|x64
		{30B8909A-8E1D-4E1F-B78F-2917EA0AF402}.Release|x86.ActiveCfg = Release|x86
		{30B8909A-8E1D-4E1F-B78F-2917EA0AF402}.Release|x86.Build.0 = Release|x86
	EndGlobalSection
	GlobalSection(SolutionProperties) = preSolution
		HideSolutionNode = FALSE
	EndGlobalSection
	GlobalSection(ExtensibilityGlobals) = postSolution
		SolutionGuid = {F80572CA-868B-4472-9532-E4FF2B3AB66A}
	EndGlobalSection
EndGlobal
